
Microsoft Visual Studio Solution File, Format Version 12.00
# Visual Studio Version 17
VisualStudioVersion = 17.0.32014.148
MinimumVisualStudioVersion = 10.0.40219.1
Project("{9A19103F-16F7-4668-BE54-9A1E7A4F7556}") = "CallAPI", "CallAPI\CallAPI.csproj", "{69336F21-1029-4051-9BDC-F69438D99E6D}"
EndProject
Project("{9A19103F-16F7-4668-BE54-9A1E7A4F7556}") = "IdentityAPI", "IdentityAPI\IdentityAPI.csproj", "{703B0F1A-53E0-4815-AA8B-CE178E8CD7DC}"
EndProject
Project("{00D1A9C2-B5F0-4AF3-8072-F6C62B433612}") = "CallDatabase", "CallDatabase\CallDatabase.sqlproj", "{38C46C32-A139-41F7-9ED3-DC90D920EB01}"
EndProject
Project("{9A19103F-16F7-4668-BE54-9A1E7A4F7556}") = "Ambulance.Domain", "Ambulance.Domain\Ambulance.Domain.csproj", "{48209C5F-9BAE-4CF9-B219-9322757F06E0}"
EndProject
Project("{9A19103F-16F7-4668-BE54-9A1E7A4F7556}") = "Ambulance.DAL", "Ambulance.DAL\Ambulance.DAL.csproj", "{F294A23E-4AF5-48C9-AA8D-D62364E9C1F5}"
EndProject
Project("{2150E333-8FDC-42A3-9474-1A3956D46DE8}") = "Clients", "Clients", "{050D8FFA-9057-48E1-9C7E-011FE58C223F}"
EndProject
Project("{2150E333-8FDC-42A3-9474-1A3956D46DE8}") = "APIs", "APIs", "{1761AC0E-9FDE-436B-967D-E0DE4A168CC7}"
EndProject
Project("{2150E333-8FDC-42A3-9474-1A3956D46DE8}") = "WebApp", "WebApp", "{9BFDAFFE-485F-431A-BCA3-06C42B0EFA84}"
EndProject
Project("{2150E333-8FDC-42A3-9474-1A3956D46DE8}") = "DesktopApp", "DesktopApp", "{E2C5FB45-9017-4963-A693-46B0EFA7CAB4}"
EndProject
Project("{9A19103F-16F7-4668-BE54-9A1E7A4F7556}") = "Ambulance.CallApi.Client", "Ambulance.CallApi.Client\Ambulance.CallApi.Client.csproj", "{24F16114-54A3-4944-8AE2-3802F132C4A0}"
EndProject
Project("{9A19103F-16F7-4668-BE54-9A1E7A4F7556}") = "Ambulance.Desktop", "Ambulance.Desktop\Ambulance.Desktop.csproj", "{40B62153-60AA-486C-B207-787E104D6DFB}"
EndProject
Project("{9A19103F-16F7-4668-BE54-9A1E7A4F7556}") = "ServiceAPI", "ServiceAPI\ServiceAPI.csproj", "{4F18B832-90E0-4C2A-9D44-AE25E3955661}"
EndProject
Project("{9A19103F-16F7-4668-BE54-9A1E7A4F7556}") = "Ambulance.ServiceAPI.Client", "Ambulance.ServiceAPI.Client\Ambulance.ServiceAPI.Client.csproj", "{86A6C9CD-74FB-4DC4-8EF4-B5C4418FE6C3}"
EndProject
Project("{9A19103F-16F7-4668-BE54-9A1E7A4F7556}") = "Ambulance.IdentityApi.Client", "Ambulance.IdentityApiClient\Ambulance.IdentityApi.Client.csproj", "{7876AFDC-5DFC-4324-86E3-09427CAE5461}"
EndProject
Project("{9A19103F-16F7-4668-BE54-9A1E7A4F7556}") = "Ambulance.Web", "Ambulance.Web\Ambulance.Web.csproj", "{B431E1E3-AAEE-4E46-A929-BF010378A427}"
EndProject
Project("{9A19103F-16F7-4668-BE54-9A1E7A4F7556}") = "StatisticsAPI", "StatisticsAPI\StatisticsAPI.csproj", "{0F18C62A-9BC3-4D47-8239-4B6B80C8122D}"
EndProject
Project("{9A19103F-16F7-4668-BE54-9A1E7A4F7556}") = "Ambulance.WebClient", "Ambulance.WebClient\Ambulance.WebClient.csproj", "{E205D12A-0C3E-4E4B-9D25-D41F0E08E592}"
EndProject
Global
	GlobalSection(SolutionConfigurationPlatforms) = preSolution
		Debug|Any CPU = Debug|Any CPU
		Release|Any CPU = Release|Any CPU
	EndGlobalSection
	GlobalSection(ProjectConfigurationPlatforms) = postSolution
		{69336F21-1029-4051-9BDC-F69438D99E6D}.Debug|Any CPU.ActiveCfg = Debug|Any CPU
		{69336F21-1029-4051-9BDC-F69438D99E6D}.Debug|Any CPU.Build.0 = Debug|Any CPU
		{69336F21-1029-4051-9BDC-F69438D99E6D}.Release|Any CPU.ActiveCfg = Release|Any CPU
		{69336F21-1029-4051-9BDC-F69438D99E6D}.Release|Any CPU.Build.0 = Release|Any CPU
		{703B0F1A-53E0-4815-AA8B-CE178E8CD7DC}.Debug|Any CPU.ActiveCfg = Debug|Any CPU
		{703B0F1A-53E0-4815-AA8B-CE178E8CD7DC}.Debug|Any CPU.Build.0 = Debug|Any CPU
		{703B0F1A-53E0-4815-AA8B-CE178E8CD7DC}.Release|Any CPU.ActiveCfg = Release|Any CPU
		{703B0F1A-53E0-4815-AA8B-CE178E8CD7DC}.Release|Any CPU.Build.0 = Release|Any CPU
		{38C46C32-A139-41F7-9ED3-DC90D920EB01}.Debug|Any CPU.ActiveCfg = Debug|Any CPU
		{38C46C32-A139-41F7-9ED3-DC90D920EB01}.Debug|Any CPU.Build.0 = Debug|Any CPU
		{38C46C32-A139-41F7-9ED3-DC90D920EB01}.Debug|Any CPU.Deploy.0 = Debug|Any CPU
		{38C46C32-A139-41F7-9ED3-DC90D920EB01}.Release|Any CPU.ActiveCfg = Release|Any CPU
		{38C46C32-A139-41F7-9ED3-DC90D920EB01}.Release|Any CPU.Build.0 = Release|Any CPU
		{38C46C32-A139-41F7-9ED3-DC90D920EB01}.Release|Any CPU.Deploy.0 = Release|Any CPU
		{48209C5F-9BAE-4CF9-B219-9322757F06E0}.Debug|Any CPU.ActiveCfg = Debug|Any CPU
		{48209C5F-9BAE-4CF9-B219-9322757F06E0}.Debug|Any CPU.Build.0 = Debug|Any CPU
		{48209C5F-9BAE-4CF9-B219-9322757F06E0}.Release|Any CPU.ActiveCfg = Release|Any CPU
		{48209C5F-9BAE-4CF9-B219-9322757F06E0}.Release|Any CPU.Build.0 = Release|Any CPU
		{F294A23E-4AF5-48C9-AA8D-D62364E9C1F5}.Debug|Any CPU.ActiveCfg = Debug|Any CPU
		{F294A23E-4AF5-48C9-AA8D-D62364E9C1F5}.Debug|Any CPU.Build.0 = Debug|Any CPU
		{F294A23E-4AF5-48C9-AA8D-D62364E9C1F5}.Release|Any CPU.ActiveCfg = Release|Any CPU
		{F294A23E-4AF5-48C9-AA8D-D62364E9C1F5}.Release|Any CPU.Build.0 = Release|Any CPU
		{24F16114-54A3-4944-8AE2-3802F132C4A0}.Debug|Any CPU.ActiveCfg = Debug|Any CPU
		{24F16114-54A3-4944-8AE2-3802F132C4A0}.Debug|Any CPU.Build.0 = Debug|Any CPU
		{24F16114-54A3-4944-8AE2-3802F132C4A0}.Release|Any CPU.ActiveCfg = Release|Any CPU
		{24F16114-54A3-4944-8AE2-3802F132C4A0}.Release|Any CPU.Build.0 = Release|Any CPU
		{40B62153-60AA-486C-B207-787E104D6DFB}.Debug|Any CPU.ActiveCfg = Debug|Any CPU
		{40B62153-60AA-486C-B207-787E104D6DFB}.Debug|Any CPU.Build.0 = Debug|Any CPU
		{40B62153-60AA-486C-B207-787E104D6DFB}.Release|Any CPU.ActiveCfg = Release|Any CPU
		{40B62153-60AA-486C-B207-787E104D6DFB}.Release|Any CPU.Build.0 = Release|Any CPU
		{4F18B832-90E0-4C2A-9D44-AE25E3955661}.Debug|Any CPU.ActiveCfg = Debug|Any CPU
		{4F18B832-90E0-4C2A-9D44-AE25E3955661}.Debug|Any CPU.Build.0 = Debug|Any CPU
		{4F18B832-90E0-4C2A-9D44-AE25E3955661}.Release|Any CPU.ActiveCfg = Release|Any CPU
		{4F18B832-90E0-4C2A-9D44-AE25E3955661}.Release|Any CPU.Build.0 = Release|Any CPU
		{86A6C9CD-74FB-4DC4-8EF4-B5C4418FE6C3}.Debug|Any CPU.ActiveCfg = Debug|Any CPU
		{86A6C9CD-74FB-4DC4-8EF4-B5C4418FE6C3}.Debug|Any CPU.Build.0 = Debug|Any CPU
		{86A6C9CD-74FB-4DC4-8EF4-B5C4418FE6C3}.Release|Any CPU.ActiveCfg = Release|Any CPU
		{86A6C9CD-74FB-4DC4-8EF4-B5C4418FE6C3}.Release|Any CPU.Build.0 = Release|Any CPU
		{7876AFDC-5DFC-4324-86E3-09427CAE5461}.Debug|Any CPU.ActiveCfg = Debug|Any CPU
		{7876AFDC-5DFC-4324-86E3-09427CAE5461}.Debug|Any CPU.Build.0 = Debug|Any CPU
		{7876AFDC-5DFC-4324-86E3-09427CAE5461}.Release|Any CPU.ActiveCfg = Release|Any CPU
		{7876AFDC-5DFC-4324-86E3-09427CAE5461}.Release|Any CPU.Build.0 = Release|Any CPU
		{B431E1E3-AAEE-4E46-A929-BF010378A427}.Debug|Any CPU.ActiveCfg = Debug|Any CPU
		{B431E1E3-AAEE-4E46-A929-BF010378A427}.Debug|Any CPU.Build.0 = Debug|Any CPU
		{B431E1E3-AAEE-4E46-A929-BF010378A427}.Release|Any CPU.ActiveCfg = Release|Any CPU
		{B431E1E3-AAEE-4E46-A929-BF010378A427}.Release|Any CPU.Build.0 = Release|Any CPU
		{0F18C62A-9BC3-4D47-8239-4B6B80C8122D}.Debug|Any CPU.ActiveCfg = Debug|Any CPU
		{0F18C62A-9BC3-4D47-8239-4B6B80C8122D}.Debug|Any CPU.Build.0 = Debug|Any CPU
		{0F18C62A-9BC3-4D47-8239-4B6B80C8122D}.Release|Any CPU.ActiveCfg = Release|Any CPU
		{0F18C62A-9BC3-4D47-8239-4B6B80C8122D}.Release|Any CPU.Build.0 = Release|Any CPU
		{E205D12A-0C3E-4E4B-9D25-D41F0E08E592}.Debug|Any CPU.ActiveCfg = Debug|Any CPU
		{E205D12A-0C3E-4E4B-9D25-D41F0E08E592}.Debug|Any CPU.Build.0 = Debug|Any CPU
		{E205D12A-0C3E-4E4B-9D25-D41F0E08E592}.Release|Any CPU.ActiveCfg = Release|Any CPU
		{E205D12A-0C3E-4E4B-9D25-D41F0E08E592}.Release|Any CPU.Build.0 = Release|Any CPU
	EndGlobalSection
	GlobalSection(SolutionProperties) = preSolution
		HideSolutionNode = FALSE
	EndGlobalSection
	GlobalSection(NestedProjects) = preSolution
		{69336F21-1029-4051-9BDC-F69438D99E6D} = {1761AC0E-9FDE-436B-967D-E0DE4A168CC7}
		{703B0F1A-53E0-4815-AA8B-CE178E8CD7DC} = {1761AC0E-9FDE-436B-967D-E0DE4A168CC7}
		{48209C5F-9BAE-4CF9-B219-9322757F06E0} = {050D8FFA-9057-48E1-9C7E-011FE58C223F}
		{24F16114-54A3-4944-8AE2-3802F132C4A0} = {050D8FFA-9057-48E1-9C7E-011FE58C223F}
		{40B62153-60AA-486C-B207-787E104D6DFB} = {E2C5FB45-9017-4963-A693-46B0EFA7CAB4}
		{4F18B832-90E0-4C2A-9D44-AE25E3955661} = {1761AC0E-9FDE-436B-967D-E0DE4A168CC7}
		{86A6C9CD-74FB-4DC4-8EF4-B5C4418FE6C3} = {050D8FFA-9057-48E1-9C7E-011FE58C223F}
		{7876AFDC-5DFC-4324-86E3-09427CAE5461} = {050D8FFA-9057-48E1-9C7E-011FE58C223F}
		{B431E1E3-AAEE-4E46-A929-BF010378A427} = {9BFDAFFE-485F-431A-BCA3-06C42B0EFA84}
		{0F18C62A-9BC3-4D47-8239-4B6B80C8122D} = {1761AC0E-9FDE-436B-967D-E0DE4A168CC7}
		{E205D12A-0C3E-4E4B-9D25-D41F0E08E592} = {9BFDAFFE-485F-431A-BCA3-06C42B0EFA84}
	EndGlobalSection
	GlobalSection(ExtensibilityGlobals) = postSolution
		SolutionGuid = {28631FC5-DB76-4B3C-9EC9-497BD9F37F1D}
	EndGlobalSection
EndGlobal
